{
  "name": "trunk",
  "lockfileVersion": 2,
  "requires": true,
  "packages": {
    "": {
      "dependencies": {
        "bootstrap-social": "^5.1.1",
        "pdfmake": "^0.1.70"
      }
    },
    "node_modules/acorn": {
      "version": "7.4.1",
      "license": "MIT",
      "bin": {
        "acorn": "bin/acorn"
      },
      "engines": {
        "node": ">=0.4.0"
      }
    },
    "node_modules/acorn-node": {
      "version": "1.8.2",
      "license": "Apache-2.0",
      "dependencies": {
        "acorn": "^7.0.0",
        "acorn-walk": "^7.0.0",
        "xtend": "^4.0.2"
      }
    },
    "node_modules/acorn-walk": {
      "version": "7.2.0",
      "license": "MIT",
      "engines": {
        "node": ">=0.4.0"
      }
    },
    "node_modules/base64-js": {
      "version": "0.0.8",
      "license": "MIT",
      "engines": {
        "node": ">= 0.4"
      }
    },
    "node_modules/bootstrap": {
      "version": "3.4.1",
      "resolved": "https://registry.npmjs.org/bootstrap/-/bootstrap-3.4.1.tgz",
      "integrity": "sha512-yN5oZVmRCwe5aKwzRj6736nSmKDX7pLYwsXiCj/EYmo16hODaBiT4En5btW/jhBF/seV+XMx3aYwukYC3A49DA==",
      "engines": {
        "node": ">=6"
      }
    },
    "node_modules/bootstrap-social": {
      "version": "5.1.1",
      "resolved": "https://registry.npmjs.org/bootstrap-social/-/bootstrap-social-5.1.1.tgz",
      "integrity": "sha1-dTDGeK31bPj60/qCwp1NPl0CdQE=",
      "dependencies": {
        "bootstrap": "~3",
        "font-awesome": "~4.7"
      }
    },
    "node_modules/brfs": {
      "version": "2.0.2",
      "license": "MIT",
      "dependencies": {
        "quote-stream": "^1.0.1",
        "resolve": "^1.1.5",
        "static-module": "^3.0.2",
        "through2": "^2.0.0"
      },
      "bin": {
        "brfs": "bin/cmd.js"
      }
    },
    "node_modules/buffer-equal": {
      "version": "0.0.1",
      "license": "MIT",
      "engines": {
        "node": ">=0.4.0"
      }
    },
    "node_modules/buffer-from": {
      "version": "1.1.1",
      "license": "MIT"
    },
    "node_modules/concat-stream": {
      "version": "1.6.2",
      "engines": [
        "node >= 0.8"
      ],
      "license": "MIT",
      "dependencies": {
        "buffer-from": "^1.0.0",
        "inherits": "^2.0.3",
        "readable-stream": "^2.2.2",
        "typedarray": "^0.0.6"
      }
    },
    "node_modules/convert-source-map": {
      "version": "1.7.0",
      "license": "MIT",
      "dependencies": {
        "safe-buffer": "~5.1.1"
      }
    },
    "node_modules/core-util-is": {
      "version": "1.0.2",
      "license": "MIT"
    },
    "node_modules/deep-is": {
      "version": "0.1.3",
      "license": "MIT"
    },
    "node_modules/duplexer2": {
      "version": "0.1.4",
      "license": "BSD-3-Clause",
      "dependencies": {
        "readable-stream": "^2.0.2"
      }
    },
    "node_modules/fast-levenshtein": {
      "version": "2.0.6",
      "license": "MIT"
    },
    "node_modules/font-awesome": {
      "version": "4.7.0",
      "resolved": "https://registry.npmjs.org/font-awesome/-/font-awesome-4.7.0.tgz",
      "integrity": "sha1-j6jPBBGhoxr9B7BtKQK7n8gVoTM=",
      "engines": {
        "node": ">=0.10.3"
      }
    },
    "node_modules/function-bind": {
      "version": "1.1.1",
      "license": "MIT"
    },
    "node_modules/has": {
      "version": "1.0.3",
      "license": "MIT",
      "dependencies": {
        "function-bind": "^1.1.1"
      },
      "engines": {
        "node": ">= 0.4.0"
      }
    },
    "node_modules/iconv-lite": {
      "version": "0.6.2",
      "license": "MIT",
      "dependencies": {
        "safer-buffer": ">= 2.1.2 < 3.0.0"
      },
      "engines": {
        "node": ">=0.10.0"
      }
    },
    "node_modules/inherits": {
      "version": "2.0.4",
      "license": "ISC"
    },
    "node_modules/is-core-module": {
      "version": "2.2.0",
      "license": "MIT",
      "dependencies": {
        "has": "^1.0.3"
      },
      "funding": {
        "url": "https://github.com/sponsors/ljharb"
      }
    },
    "node_modules/isarray": {
      "version": "1.0.0",
      "license": "MIT"
    },
    "node_modules/levn": {
      "version": "0.3.0",
      "license": "MIT",
      "dependencies": {
        "prelude-ls": "~1.1.2",
        "type-check": "~0.3.2"
      },
      "engines": {
        "node": ">= 0.8.0"
      }
    },
    "node_modules/linebreak": {
      "version": "1.0.2",
      "license": "MIT",
      "dependencies": {
        "base64-js": "0.0.8",
        "brfs": "^2.0.2",
        "unicode-trie": "^1.0.0"
      }
    },
    "node_modules/magic-string": {
      "version": "0.25.1",
      "license": "MIT",
      "dependencies": {
        "sourcemap-codec": "^1.4.1"
      }
    },
    "node_modules/merge-source-map": {
      "version": "1.0.4",
      "license": "MIT",
      "dependencies": {
        "source-map": "^0.5.6"
      }
    },
    "node_modules/merge-source-map/node_modules/source-map": {
      "version": "0.5.7",
      "license": "BSD-3-Clause",
      "engines": {
        "node": ">=0.10.0"
      }
    },
    "node_modules/minimist": {
      "version": "1.2.5",
      "license": "MIT"
    },
    "node_modules/object-inspect": {
      "version": "1.9.0",
      "license": "MIT",
      "funding": {
        "url": "https://github.com/sponsors/ljharb"
      }
    },
    "node_modules/optionator": {
      "version": "0.8.3",
      "license": "MIT",
      "dependencies": {
        "deep-is": "~0.1.3",
        "fast-levenshtein": "~2.0.6",
        "levn": "~0.3.0",
        "prelude-ls": "~1.1.2",
        "type-check": "~0.3.2",
        "word-wrap": "~1.2.3"
      },
      "engines": {
        "node": ">= 0.8.0"
      }
    },
    "node_modules/pako": {
      "version": "0.2.9",
      "license": "MIT"
    },
    "node_modules/path-parse": {
      "version": "1.0.6",
      "license": "MIT"
    },
    "node_modules/pdfkit": {},
    "node_modules/pdfmake": {
      "version": "0.1.70",
      "license": "MIT",
      "dependencies": {
        "iconv-lite": "^0.6.2",
        "linebreak": "^1.0.2",
        "pdfkit": "^0.11.0",
        "svg-to-pdfkit": "^0.1.8",
        "xmldoc": "^1.1.2"
      },
      "engines": {
        "node": ">=8"
      }
    },
    "node_modules/prelude-ls": {
      "version": "1.1.2",
      "engines": {
        "node": ">= 0.8.0"
      }
    },
    "node_modules/process-nextick-args": {
      "version": "2.0.1",
      "license": "MIT"
    },
    "node_modules/quote-stream": {
      "version": "1.0.2",
      "license": "MIT",
      "dependencies": {
        "buffer-equal": "0.0.1",
        "minimist": "^1.1.3",
        "through2": "^2.0.0"
      },
      "bin": {
        "quote-stream": "bin/cmd.js"
      }
    },
    "node_modules/readable-stream": {
      "version": "2.3.7",
      "license": "MIT",
      "dependencies": {
        "core-util-is": "~1.0.0",
        "inherits": "~2.0.3",
        "isarray": "~1.0.0",
        "process-nextick-args": "~2.0.0",
        "safe-buffer": "~5.1.1",
        "string_decoder": "~1.1.1",
        "util-deprecate": "~1.0.1"
      }
    },
    "node_modules/resolve": {
      "version": "1.19.0",
      "license": "MIT",
      "dependencies": {
        "is-core-module": "^2.1.0",
        "path-parse": "^1.0.6"
      },
      "funding": {
        "url": "https://github.com/sponsors/ljharb"
      }
    },
    "node_modules/safe-buffer": {
      "version": "5.1.2",
      "license": "MIT"
    },
    "node_modules/safer-buffer": {
      "version": "2.1.2",
      "license": "MIT"
    },
    "node_modules/sax": {
      "version": "1.2.4",
      "license": "ISC"
    },
    "node_modules/scope-analyzer": {},
    "node_modules/shallow-copy": {
      "version": "0.0.1",
      "license": "MIT"
    },
    "node_modules/sourcemap-codec": {
      "version": "1.4.8",
      "license": "MIT"
    },
    "node_modules/static-eval": {
      "version": "2.1.0",
      "license": "MIT",
      "dependencies": {
        "escodegen": "^1.11.1"
      }
    },
    "node_modules/static-eval/node_modules/escodegen": {
      "version": "1.14.3",
      "license": "BSD-2-Clause",
      "dependencies": {
        "esprima": "^4.0.1",
        "estraverse": "^4.2.0",
        "esutils": "^2.0.2",
        "optionator": "^0.8.1",
        "source-map": "~0.6.1"
      },
      "bin": {
        "escodegen": "bin/escodegen.js",
        "esgenerate": "bin/esgenerate.js"
      },
      "engines": {
        "node": ">=4.0"
      },
      "optionalDependencies": {
        "source-map": "~0.6.1"
      }
    },
    "node_modules/static-eval/node_modules/esprima": {
      "version": "4.0.1",
      "license": "BSD-2-Clause",
      "bin": {
        "esparse": "bin/esparse.js",
        "esvalidate": "bin/esvalidate.js"
      },
      "engines": {
        "node": ">=4"
      }
    },
    "node_modules/static-eval/node_modules/estraverse": {
      "version": "4.3.0",
      "license": "BSD-2-Clause",
      "engines": {
        "node": ">=4.0"
      }
    },
    "node_modules/static-eval/node_modules/esutils": {
      "version": "2.0.3",
      "license": "BSD-2-Clause",
      "engines": {
        "node": ">=0.10.0"
      }
    },
    "node_modules/static-eval/node_modules/source-map": {
      "version": "0.6.1",
      "license": "BSD-3-Clause",
      "optional": true,
      "engines": {
        "node": ">=0.10.0"
      }
    },
    "node_modules/static-module": {
      "version": "3.0.4",
      "license": "MIT",
      "dependencies": {
        "acorn-node": "^1.3.0",
        "concat-stream": "~1.6.0",
        "convert-source-map": "^1.5.1",
        "duplexer2": "~0.1.4",
        "escodegen": "^1.11.1",
        "has": "^1.0.1",
        "magic-string": "0.25.1",
        "merge-source-map": "1.0.4",
        "object-inspect": "^1.6.0",
        "readable-stream": "~2.3.3",
        "scope-analyzer": "^2.0.1",
        "shallow-copy": "~0.0.1",
        "static-eval": "^2.0.5",
        "through2": "~2.0.3"
      }
    },
    "node_modules/static-module/node_modules/escodegen": {
      "version": "1.14.3",
      "license": "BSD-2-Clause",
      "dependencies": {
        "esprima": "^4.0.1",
        "estraverse": "^4.2.0",
        "esutils": "^2.0.2",
        "optionator": "^0.8.1",
        "source-map": "~0.6.1"
      },
      "bin": {
        "escodegen": "bin/escodegen.js",
        "esgenerate": "bin/esgenerate.js"
      },
      "engines": {
        "node": ">=4.0"
      },
      "optionalDependencies": {
        "source-map": "~0.6.1"
      }
    },
    "node_modules/static-module/node_modules/esprima": {
      "version": "4.0.1",
      "license": "BSD-2-Clause",
      "bin": {
        "esparse": "bin/esparse.js",
        "esvalidate": "bin/esvalidate.js"
      },
      "engines": {
        "node": ">=4"
      }
    },
    "node_modules/static-module/node_modules/estraverse": {
      "version": "4.3.0",
      "license": "BSD-2-Clause",
      "engines": {
        "node": ">=4.0"
      }
    },
    "node_modules/static-module/node_modules/esutils": {
      "version": "2.0.3",
      "license": "BSD-2-Clause",
      "engines": {
        "node": ">=0.10.0"
      }
    },
    "node_modules/static-module/node_modules/source-map": {
      "version": "0.6.1",
      "license": "BSD-3-Clause",
      "optional": true,
      "engines": {
        "node": ">=0.10.0"
      }
    },
    "node_modules/string_decoder": {
      "version": "1.1.1",
      "license": "MIT",
      "dependencies": {
        "safe-buffer": "~5.1.0"
      }
    },
    "node_modules/svg-to-pdfkit": {
      "version": "0.1.8",
      "resolved": "https://github.com/alafr/SVG-to-PDFKit/tarball/master",
      "integrity": "sha512-Prh/h9CB1jBCBIjSLD6kvIWhMV5S25Bwv7yK0fYJSOTIyg1CmU9OqNdRVCkdWyQY1Hkvm+1YdXJzh3xYupq1KA==",
      "license": "MIT",
      "dependencies": {
        "pdfkit": ">=0.8.1"
      }
    },
    "node_modules/through2": {
      "version": "2.0.5",
      "license": "MIT",
      "dependencies": {
        "readable-stream": "~2.3.6",
        "xtend": "~4.0.1"
      }
    },
    "node_modules/tiny-inflate": {
      "version": "1.0.3",
      "license": "MIT"
    },
    "node_modules/type-check": {
      "version": "0.3.2",
      "license": "MIT",
      "dependencies": {
        "prelude-ls": "~1.1.2"
      },
      "engines": {
        "node": ">= 0.8.0"
      }
    },
    "node_modules/typedarray": {
      "version": "0.0.6",
      "license": "MIT"
    },
    "node_modules/unicode-trie": {
      "version": "1.0.0",
      "license": "MIT",
      "dependencies": {
        "pako": "^0.2.5",
        "tiny-inflate": "^1.0.0"
      }
    },
    "node_modules/util-deprecate": {
      "version": "1.0.2",
      "license": "MIT"
    },
    "node_modules/word-wrap": {
      "version": "1.2.3",
      "license": "MIT",
      "engines": {
        "node": ">=0.10.0"
      }
    },
    "node_modules/xmldoc": {
      "version": "1.1.2",
      "license": "MIT",
      "dependencies": {
        "sax": "^1.2.1"
      }
    },
    "node_modules/xtend": {
      "version": "4.0.2",
      "license": "MIT",
      "engines": {
        "node": ">=0.4"
      }
    }
  },
  "dependencies": {
    "acorn": {
      "version": "7.4.1"
    },
    "acorn-node": {
      "version": "1.8.2",
      "requires": {
        "acorn": "^7.0.0",
        "acorn-walk": "^7.0.0",
        "xtend": "^4.0.2"
      }
    },
    "acorn-walk": {
      "version": "7.2.0"
    },
    "base64-js": {
      "version": "0.0.8"
    },
    "bootstrap": {
      "version": "3.4.1",
      "resolved": "https://registry.npmjs.org/bootstrap/-/bootstrap-3.4.1.tgz",
      "integrity": "sha512-yN5oZVmRCwe5aKwzRj6736nSmKDX7pLYwsXiCj/EYmo16hODaBiT4En5btW/jhBF/seV+XMx3aYwukYC3A49DA=="
    },
    "bootstrap-social": {
      "version": "5.1.1",
      "resolved": "https://registry.npmjs.org/bootstrap-social/-/bootstrap-social-5.1.1.tgz",
      "integrity": "sha1-dTDGeK31bPj60/qCwp1NPl0CdQE=",
      "requires": {
        "bootstrap": "~3",
        "font-awesome": "~4.7"
      }
    },
    "brfs": {
      "version": "2.0.2",
      "requires": {
        "quote-stream": "^1.0.1",
        "resolve": "^1.1.5",
        "static-module": "^3.0.2",
        "through2": "^2.0.0"
      }
    },
    "buffer-equal": {
      "version": "0.0.1"
    },
    "buffer-from": {
      "version": "1.1.1"
    },
    "concat-stream": {
      "version": "1.6.2",
      "requires": {
        "buffer-from": "^1.0.0",
        "inherits": "^2.0.3",
        "readable-stream": "^2.2.2",
        "typedarray": "^0.0.6"
      }
    },
    "convert-source-map": {
      "version": "1.7.0",
      "requires": {
        "safe-buffer": "~5.1.1"
      }
    },
    "core-util-is": {
      "version": "1.0.2"
    },
    "deep-is": {
      "version": "0.1.3"
    },
    "duplexer2": {
      "version": "0.1.4",
      "requires": {
        "readable-stream": "^2.0.2"
      }
    },
    "fast-levenshtein": {
      "version": "2.0.6"
    },
    "font-awesome": {
      "version": "4.7.0",
      "resolved": "https://registry.npmjs.org/font-awesome/-/font-awesome-4.7.0.tgz",
      "integrity": "sha1-j6jPBBGhoxr9B7BtKQK7n8gVoTM="
    },
    "function-bind": {
      "version": "1.1.1"
    },
    "has": {
      "version": "1.0.3",
      "requires": {
        "function-bind": "^1.1.1"
      }
    },
    "iconv-lite": {
      "version": "0.6.2",
      "requires": {
        "safer-buffer": ">= 2.1.2 < 3.0.0"
      }
    },
    "inherits": {
      "version": "2.0.4"
    },
    "is-core-module": {
      "version": "2.2.0",
      "requires": {
        "has": "^1.0.3"
      }
    },
    "isarray": {
      "version": "1.0.0"
    },
    "levn": {
      "version": "0.3.0",
      "requires": {
        "prelude-ls": "~1.1.2",
        "type-check": "~0.3.2"
      }
    },
    "linebreak": {
      "version": "1.0.2",
      "requires": {
        "base64-js": "0.0.8",
        "brfs": "^2.0.2",
        "unicode-trie": "^1.0.0"
      }
    },
    "magic-string": {
      "version": "0.25.1",
      "requires": {
        "sourcemap-codec": "^1.4.1"
      }
    },
    "merge-source-map": {
      "version": "1.0.4",
      "requires": {
        "source-map": "^0.5.6"
      },
      "dependencies": {
        "source-map": {
          "version": "0.5.7"
        }
      }
    },
    "minimist": {
      "version": "1.2.5"
    },
    "object-inspect": {
      "version": "1.9.0"
    },
    "optionator": {
      "version": "0.8.3",
      "requires": {
        "deep-is": "~0.1.3",
        "fast-levenshtein": "~2.0.6",
        "levn": "~0.3.0",
        "prelude-ls": "~1.1.2",
        "type-check": "~0.3.2",
        "word-wrap": "~1.2.3"
      }
    },
    "pako": {
      "version": "0.2.9"
    },
    "path-parse": {
      "version": "1.0.6"
    },
    "pdfkit": {},
    "pdfmake": {
      "version": "0.1.70",
      "requires": {
        "iconv-lite": "^0.6.2",
        "linebreak": "^1.0.2",
        "pdfkit": "^0.11.0",
        "svg-to-pdfkit": "^0.1.8",
        "xmldoc": "^1.1.2"
      }
    },
    "prelude-ls": {
      "version": "1.1.2"
    },
    "process-nextick-args": {
      "version": "2.0.1"
    },
    "quote-stream": {
      "version": "1.0.2",
      "requires": {
        "buffer-equal": "0.0.1",
        "minimist": "^1.1.3",
        "through2": "^2.0.0"
      }
    },
    "readable-stream": {
      "version": "2.3.7",
      "requires": {
        "core-util-is": "~1.0.0",
        "inherits": "~2.0.3",
        "isarray": "~1.0.0",
        "process-nextick-args": "~2.0.0",
        "safe-buffer": "~5.1.1",
        "string_decoder": "~1.1.1",
        "util-deprecate": "~1.0.1"
      }
    },
    "resolve": {
      "version": "1.19.0",
      "requires": {
        "is-core-module": "^2.1.0",
        "path-parse": "^1.0.6"
      }
    },
    "safe-buffer": {
      "version": "5.1.2"
    },
    "safer-buffer": {
      "version": "2.1.2"
    },
    "sax": {
      "version": "1.2.4"
    },
    "scope-analyzer": {},
    "shallow-copy": {
      "version": "0.0.1"
    },
    "sourcemap-codec": {
      "version": "1.4.8"
    },
    "static-eval": {
      "version": "2.1.0",
      "requires": {
        "escodegen": "^1.11.1"
      },
      "dependencies": {
        "escodegen": {
          "version": "1.14.3",
          "requires": {
            "esprima": "^4.0.1",
            "estraverse": "^4.2.0",
            "esutils": "^2.0.2",
            "optionator": "^0.8.1",
            "source-map": "~0.6.1"
          }
        },
        "esprima": {
          "version": "4.0.1"
        },
        "estraverse": {
          "version": "4.3.0"
        },
        "esutils": {
          "version": "2.0.3"
        },
        "source-map": {
          "version": "0.6.1",
          "optional": true
        }
      }
    },
    "static-module": {
      "version": "3.0.4",
      "requires": {
        "acorn-node": "^1.3.0",
        "concat-stream": "~1.6.0",
        "convert-source-map": "^1.5.1",
        "duplexer2": "~0.1.4",
        "escodegen": "^1.11.1",
        "has": "^1.0.1",
        "magic-string": "0.25.1",
        "merge-source-map": "1.0.4",
        "object-inspect": "^1.6.0",
        "readable-stream": "~2.3.3",
        "scope-analyzer": "^2.0.1",
        "shallow-copy": "~0.0.1",
        "static-eval": "^2.0.5",
        "through2": "~2.0.3"
      },
      "dependencies": {
        "escodegen": {
          "version": "1.14.3",
          "requires": {
            "esprima": "^4.0.1",
            "estraverse": "^4.2.0",
            "esutils": "^2.0.2",
            "optionator": "^0.8.1",
            "source-map": "~0.6.1"
          }
        },
        "esprima": {
          "version": "4.0.1"
        },
        "estraverse": {
          "version": "4.3.0"
        },
        "esutils": {
          "version": "2.0.3"
        },
        "source-map": {
          "version": "0.6.1",
          "optional": true
        }
      }
    },
    "string_decoder": {
      "version": "1.1.1",
      "requires": {
        "safe-buffer": "~5.1.0"
      }
    },
    "svg-to-pdfkit": {
      "version": "0.1.8",
      "resolved": "https://github.com/alafr/SVG-to-PDFKit/tarball/master",
      "integrity": "sha512-Prh/h9CB1jBCBIjSLD6kvIWhMV5S25Bwv7yK0fYJSOTIyg1CmU9OqNdRVCkdWyQY1Hkvm+1YdXJzh3xYupq1KA==",
      "requires": {
        "pdfkit": ">=0.8.1"
      }
    },
    "through2": {
      "version": "2.0.5",
      "requires": {
        "readable-stream": "~2.3.6",
        "xtend": "~4.0.1"
      }
    },
    "tiny-inflate": {
      "version": "1.0.3"
    },
    "type-check": {
      "version": "0.3.2",
      "requires": {
        "prelude-ls": "~1.1.2"
      }
    },
    "typedarray": {
      "version": "0.0.6"
    },
    "unicode-trie": {
      "version": "1.0.0",
      "requires": {
        "pako": "^0.2.5",
        "tiny-inflate": "^1.0.0"
      }
    },
    "util-deprecate": {
      "version": "1.0.2"
    },
    "word-wrap": {
      "version": "1.2.3"
    },
    "xmldoc": {
      "version": "1.1.2",
      "requires": {
        "sax": "^1.2.1"
      }
    },
    "xtend": {
      "version": "4.0.2"
    }
  }
}
